
Microsoft Visual Studio Solution File, Format Version 12.00
# Visual Studio Version 17
VisualStudioVersion = 17.7.34031.279
MinimumVisualStudioVersion = 10.0.40219.1
Project("{FAE04EC0-301F-11D3-BF4B-00C04F79EFBC}") = "ProjectResort.WinForm", "ProjectResort.WinForm\ProjectResort.WinForm.csproj", "{4574CEDA-29F6-401E-99E5-4EFABE3699C4}"
EndProject
Project("{FAE04EC0-301F-11D3-BF4B-00C04F79EFBC}") = "ProjectResort.Context1", "ProjectResort.Context1\ProjectResort.Context1.csproj", "{2D5794D7-42E1-43F1-BD53-9B00429833D7}"
EndProject
Global
	GlobalSection(SolutionConfigurationPlatforms) = preSolution
		Debug|Any CPU = Debug|Any CPU
		Release|Any CPU = Release|Any CPU
	EndGlobalSection
	GlobalSection(ProjectConfigurationPlatforms) = postSolution
		{4574CEDA-29F6-401E-99E5-4EFABE3699C4}.Debug|Any CPU.ActiveCfg = Debug|Any CPU
		{4574CEDA-29F6-401E-99E5-4EFABE3699C4}.Debug|Any CPU.Build.0 = Debug|Any CPU
		{4574CEDA-29F6-401E-99E5-4EFABE3699C4}.Release|Any CPU.ActiveCfg = Release|Any CPU
		{4574CEDA-29F6-401E-99E5-4EFABE3699C4}.Release|Any CPU.Build.0 = Release|Any CPU
		{2D5794D7-42E1-43F1-BD53-9B00429833D7}.Debug|Any CPU.ActiveCfg = Debug|Any CPU
		{2D5794D7-42E1-43F1-BD53-9B00429833D7}.Debug|Any CPU.Build.0 = Debug|Any CPU
		{2D5794D7-42E1-43F1-BD53-9B00429833D7}.Release|Any CPU.ActiveCfg = Release|Any CPU
		{2D5794D7-42E1-43F1-BD53-9B00429833D7}.Release|Any CPU.Build.0 = Release|Any CPU
	EndGlobalSection
	GlobalSection(SolutionProperties) = preSolution
		HideSolutionNode = FALSE
	EndGlobalSection
	GlobalSection(ExtensibilityGlobals) = postSolution
		SolutionGuid = {4415AD6C-E5AF-4390-B99C-1623A8F9F654}
	EndGlobalSection
EndGlobal
